
Microsoft Visual Studio Solution File, Format Version 12.00
# Visual Studio Version 16
VisualStudioVersion = 16.0.30309.148
MinimumVisualStudioVersion = 10.0.40219.1
Project("{FAE04EC0-301F-11D3-BF4B-00C04F79EFBC}") = "CloneVault", "CloneVault\CloneVault.csproj", "{0A344F52-6780-4D10-9A4A-CB9439F9D3DE}"
EndProject
Global
	GlobalSection(SolutionConfigurationPlatforms) = preSolution
		Debug|Any CPU = Debug|Any CPU
		Release|Any CPU = Release|Any CPU
	EndGlobalSection
	GlobalSection(ProjectConfigurationPlatforms) = postSolution
		{0A344F52-6780-4D10-9A4A-CB9439F9D3DE}.Debug|Any CPU.ActiveCfg = Debug|Any CPU
		{0A344F52-6780-4D10-9A4A-CB9439F9D3DE}.Debug|Any CPU.Build.0 = Debug|Any CPU
		{0A344F52-6780-4D10-9A4A-CB9439F9D3DE}.Release|Any CPU.ActiveCfg = Release|Any CPU
		{0A344F52-6780-4D10-9A4A-CB9439F9D3DE}.Release|Any CPU.Build.0 = Release|Any CPU
	EndGlobalSection
	GlobalSection(SolutionProperties) = preSolution
		HideSolutionNode = FALSE
	EndGlobalSection
	GlobalSection(ExtensibilityGlobals) = postSolution
		SolutionGuid = {DC7701C8-663A-452B-9ED3-8DB3BCE817D9}
	EndGlobalSection
EndGlobal
